
Microsoft Visual Studio Solution File, Format Version 12.00
# Visual Studio Version 16
VisualStudioVersion = 16.0.34301.259
MinimumVisualStudioVersion = 10.0.40219.1
Project("{FAE04EC0-301F-11D3-BF4B-00C04F79EFBC}") = "CaliberMVC", "CaliberMVC\CaliberMVC.csproj", "{96F8CA65-7789-4E34-8C7E-D43E4F6741B9}"
EndProject
Global
	GlobalSection(SolutionConfigurationPlatforms) = preSolution
		Debug|Any CPU = Debug|Any CPU
		Release|Any CPU = Release|Any CPU
	EndGlobalSection
	GlobalSection(ProjectConfigurationPlatforms) = postSolution
		{96F8CA65-7789-4E34-8C7E-D43E4F6741B9}.Debug|Any CPU.ActiveCfg = Debug|Any CPU
		{96F8CA65-7789-4E34-8C7E-D43E4F6741B9}.Debug|Any CPU.Build.0 = Debug|Any CPU
		{96F8CA65-7789-4E34-8C7E-D43E4F6741B9}.Release|Any CPU.ActiveCfg = Release|Any CPU
		{96F8CA65-7789-4E34-8C7E-D43E4F6741B9}.Release|Any CPU.Build.0 = Release|Any CPU
	EndGlobalSection
	GlobalSection(SolutionProperties) = preSolution
		HideSolutionNode = FALSE
	EndGlobalSection
	GlobalSection(ExtensibilityGlobals) = postSolution
		SolutionGuid = {7302A546-01DB-4E80-847B-E5D7A5485184}
	EndGlobalSection
EndGlobal
